
Microsoft Visual Studio Solution File, Format Version 12.00
# Visual Studio Version 17
VisualStudioVersion = 17.10.34928.147
MinimumVisualStudioVersion = 10.0.40219.1
Project("{9A19103F-16F7-4668-BE54-9A1E7A4F7556}") = "01_Algoritma", "01_Algoritma\01_Algoritma.csproj", "{A681F011-ECAB-446B-9D4E-27BC1E5D99FD}"
EndProject
Project("{9A19103F-16F7-4668-BE54-9A1E7A4F7556}") = "02_Degisken_VeriTipleri", "02_Degisken_VeriTipleri\02_Degisken_VeriTipleri.csproj", "{B6465300-5A78-4044-ADF4-8761C71A940B}"
EndProject
Project("{9A19103F-16F7-4668-BE54-9A1E7A4F7556}") = "03_Operatorler", "03_Operatorler\03_Operatorler.csproj", "{47826B0D-CF0C-4A3B-9020-6D92FD944E6D}"
EndProject
Project("{9A19103F-16F7-4668-BE54-9A1E7A4F7556}") = "04_TurDonusumleri", "04_TurDonusumleri\04_TurDonusumleri.csproj", "{D0EAD6F4-27D9-402F-AEB1-B3468A283E98}"
EndProject
Project("{9A19103F-16F7-4668-BE54-9A1E7A4F7556}") = "05_If_Else", "05_If_Else\05_If_Else.csproj", "{39C197FA-24F0-490F-9A99-BA1D0377035B}"
EndProject
Project("{9A19103F-16F7-4668-BE54-9A1E7A4F7556}") = "06_Switch_Case", "06_Switch_Case\06_Switch_Case.csproj", "{82491C3C-E4DC-4291-B17E-1C2ABC45C55A}"
EndProject
Project("{9A19103F-16F7-4668-BE54-9A1E7A4F7556}") = "07_WhileLoop", "07_WhileLoop\07_WhileLoop.csproj", "{977078F5-72D2-4089-9953-74CDD7903299}"
EndProject
Project("{9A19103F-16F7-4668-BE54-9A1E7A4F7556}") = "09_Bankamatik", "09_Bankamatik\09_Bankamatik.csproj", "{997EC1BC-826B-4D6A-8ECD-D6233E031397}"
EndProject
Project("{9A19103F-16F7-4668-BE54-9A1E7A4F7556}") = "07_ForLoop", "07_ForLoop\07_ForLoop.csproj", "{F77B2614-84C1-4FB6-A71E-23E7C203A5F9}"
EndProject
Project("{9A19103F-16F7-4668-BE54-9A1E7A4F7556}") = "07_Random", "07_Random\07_Random.csproj", "{978AAF98-56E5-4CAC-BD27-64873EE33AE4}"
EndProject
Project("{9A19103F-16F7-4668-BE54-9A1E7A4F7556}") = "07_DoWhileLoop", "07_DoWhileLoop\07_DoWhileLoop.csproj", "{24E56A1D-C4DB-4C48-9D85-1FF1CA26B578}"
EndProject
Project("{9A19103F-16F7-4668-BE54-9A1E7A4F7556}") = "08_Try_Catch", "08_Try_Catch\08_Try_Catch.csproj", "{5CCAEEE0-6177-4A72-A2B1-DB80B7CB63A3}"
EndProject
Project("{9A19103F-16F7-4668-BE54-9A1E7A4F7556}") = "10_Arrays", "10_Arrays\10_Arrays.csproj", "{D8EB2E5E-677F-4C93-B380-F59E1ABEBD8F}"
EndProject
Project("{9A19103F-16F7-4668-BE54-9A1E7A4F7556}") = "11_OtomatMakinesi", "11_OtomatMakinesi\11_OtomatMakinesi.csproj", "{ACC7E032-17C5-443D-8734-24BDA77928E7}"
EndProject
Project("{9A19103F-16F7-4668-BE54-9A1E7A4F7556}") = "12_Methods", "12_Methods\12_Methods.csproj", "{A26B8A94-EDCA-42D5-B146-6FADBEB4F879}"
EndProject
Project("{9A19103F-16F7-4668-BE54-9A1E7A4F7556}") = "12_Methods_1", "12_Methods_1\12_Methods_1.csproj", "{37805A72-46AA-431A-9A09-BFBBB313BA54}"
EndProject
Project("{9A19103F-16F7-4668-BE54-9A1E7A4F7556}") = "12_Methods_2", "12_Metot_2\12_Methods_2.csproj", "{6ABCC272-BC6A-4F0B-ABA7-DEEC2F525A7E}"
EndProject
Project("{9A19103F-16F7-4668-BE54-9A1E7A4F7556}") = "12_Methods_3", "12_Methods_3\12_Methods_3.csproj", "{7CAE96F9-61F3-49CC-9D4D-E66876BABF63}"
EndProject
Project("{9A19103F-16F7-4668-BE54-9A1E7A4F7556}") = "12_Methods_4", "12_Methods_4\12_Methods_4.csproj", "{F8DF9976-BDED-4823-AE13-DFF5257F8CC8}"
EndProject
Project("{9A19103F-16F7-4668-BE54-9A1E7A4F7556}") = "12_Methods_5", "12_Methods_5\12_Methods_5.csproj", "{4E8546C5-33CC-4B68-827F-58FC4A86F710}"
EndProject
Project("{9A19103F-16F7-4668-BE54-9A1E7A4F7556}") = "12_Methods_6", "12_Methods_6\12_Methods_6.csproj", "{CF495A5D-524C-4623-9DD2-AC85AB292540}"
EndProject
Project("{9A19103F-16F7-4668-BE54-9A1E7A4F7556}") = "12_Methods_7", "12_Methods_7\12_Methods_7.csproj", "{46D994A3-1045-4F2B-91FF-96D8446D2116}"
EndProject
Project("{9A19103F-16F7-4668-BE54-9A1E7A4F7556}") = "12_Methods_8", "12_Methods_8\12_Methods_8.csproj", "{EB71F790-4E5F-4957-B0CC-108CC15056D8}"
EndProject
Project("{9A19103F-16F7-4668-BE54-9A1E7A4F7556}") = "12_Methods_9", "12_Methods_9\12_Methods_9.csproj", "{1AC320E8-CAA4-4690-8B8F-5789D59622B0}"
EndProject
Project("{9A19103F-16F7-4668-BE54-9A1E7A4F7556}") = "13_ArrayList", "13_ArrayList\13_ArrayList.csproj", "{F66C9F81-7675-413D-B82D-0EE57901D18C}"
EndProject
Project("{9A19103F-16F7-4668-BE54-9A1E7A4F7556}") = "14_ManavOtomasyonu", "14_ManavOtomasyonu\14_ManavOtomasyonu.csproj", "{8E80A9CD-0FB8-47F1-BFD2-FBE5141EB524}"
EndProject
Project("{9A19103F-16F7-4668-BE54-9A1E7A4F7556}") = "15_SortedList_QueueList", "15_SortedList_QueueList\15_SortedList_QueueList.csproj", "{5021C15E-2662-4ACA-A167-0F919833DD9B}"
EndProject
Project("{9A19103F-16F7-4668-BE54-9A1E7A4F7556}") = "16_List", "16_List\16_List.csproj", "{303FABFE-4153-4532-B359-DF7E4367E569}"
EndProject
Project("{9A19103F-16F7-4668-BE54-9A1E7A4F7556}") = "17_Class_Object", "17_Class_Object\17_Class_Object.csproj", "{0310BD3D-8150-4252-BAE4-FB0884C52A14}"
EndProject
Project("{9A19103F-16F7-4668-BE54-9A1E7A4F7556}") = "17_Class_Object_1", "17_Class_Object_1\17_Class_Object_1.csproj", "{07FD4C48-0F27-4A55-AE13-22BD55C3A4F9}"
EndProject
Project("{9A19103F-16F7-4668-BE54-9A1E7A4F7556}") = "17_Class_Object_2_this", "17_Class_Object_2_this\17_Class_Object_2_this.csproj", "{4751B2CD-2995-4A6C-8EE5-9A92D1D769E4}"
EndProject
Project("{9A19103F-16F7-4668-BE54-9A1E7A4F7556}") = "18_OOP_1_Constructor", "18_OOP_1_Constructor\18_OOP_1_Constructor.csproj", "{69C89E55-B3A5-4EDE-86EB-69F68801FABD}"
EndProject
Project("{9A19103F-16F7-4668-BE54-9A1E7A4F7556}") = "18_OOP_2_Constructor", "18_OOP_2_Constructor\18_OOP_2_Constructor.csproj", "{FD5E6D27-B00B-466F-AB82-F2DE7B01522F}"
EndProject
Project("{9A19103F-16F7-4668-BE54-9A1E7A4F7556}") = "18_OOP_2_RestaurantOtomasyonu", "18_OOP_2_RestaurantOtomasyonu\18_OOP_2_RestaurantOtomasyonu.csproj", "{D0E65DDA-6049-4FCA-B977-A909C3F8351B}"
EndProject
Project("{9A19103F-16F7-4668-BE54-9A1E7A4F7556}") = "18_OOP_3_Encapsulation", "18_OOP_3_Encapsulation\18_OOP_3_Encapsulation.csproj", "{BFEBDC77-E7DE-4816-A0E9-584D4443A706}"
EndProject
Project("{9A19103F-16F7-4668-BE54-9A1E7A4F7556}") = "18_OOP_4_Inheritance", "18_OOP_4_Inheritance\18_OOP_4_Inheritance.csproj", "{C0FAD138-81CF-4A0E-966A-62CF7D66A4EA}"
EndProject
Project("{9A19103F-16F7-4668-BE54-9A1E7A4F7556}") = "18_OOP_4_Inheritance_1", "18_OOP_4_Inheritance_1\18_OOP_4_Inheritance_1.csproj", "{D263F918-0936-4776-9C4A-4F1133C34191}"
EndProject
Project("{9A19103F-16F7-4668-BE54-9A1E7A4F7556}") = "18_OOP_4_Inheritance_2", "18_OOP_4_Inheritance_2\18_OOP_4_Inheritance_2.csproj", "{13D29693-C9EE-473E-9D3D-A24ED83CF7EC}"
EndProject
Project("{9A19103F-16F7-4668-BE54-9A1E7A4F7556}") = "18_OOP_4_Inheritance_3", "18_OOP_4_Inheritance_3\18_OOP_4_Inheritance_3.csproj", "{753893F8-CA9A-4B9B-8579-EE114E0A29DB}"
EndProject
Project("{9A19103F-16F7-4668-BE54-9A1E7A4F7556}") = "17_Class_Object_3_Enum", "17_Class_Object_3_Enum\17_Class_Object_3_Enum.csproj", "{DDCC2D31-FC9D-4956-ADA5-3906CD39CAC1}"
EndProject
Project("{9A19103F-16F7-4668-BE54-9A1E7A4F7556}") = "18_OOP_4_Inheritance_4", "18_OOP_4_Inheritance_4\18_OOP_4_Inheritance_4.csproj", "{BF89BE2E-8AB7-430A-9B0A-FCDD419F7E73}"
EndProject
Project("{9A19103F-16F7-4668-BE54-9A1E7A4F7556}") = "18_OOP_4_Polymorphism", "18_OOP_4_Polymorphism\18_OOP_4_Polymorphism.csproj", "{E26B55D4-3930-405B-A131-676EF37AC7B3}"
EndProject
Project("{9A19103F-16F7-4668-BE54-9A1E7A4F7556}") = "18_OOP_4_Polymorphism_1", "18_OOP_4_Polymorphism_1\18_OOP_4_Polymorphism_1.csproj", "{C878F5F4-4821-4725-83A7-CB08847FA4F8}"
EndProject
Project("{9A19103F-16F7-4668-BE54-9A1E7A4F7556}") = "18_OOP_4_Polymorphism_2", "18_OOP_4_Polymorphism_2\18_OOP_4_Polymorphism_2.csproj", "{35474DBD-0ADF-462D-8D85-A0E0057DBFA6}"
EndProject
Project("{9A19103F-16F7-4668-BE54-9A1E7A4F7556}") = "19_Generic_Mimari", "19_Generic_Mimari\19_Generic_Mimari.csproj", "{8AD1298D-DFD2-4860-9CC7-5A9F41347C4A}"
EndProject
Project("{9A19103F-16F7-4668-BE54-9A1E7A4F7556}") = "19_Type_Overloading", "19_Type_Overloading\19_Type_Overloading.csproj", "{B3B4E555-1506-4F8C-8DD2-72D96843D2CD}"
EndProject
Project("{9A19103F-16F7-4668-BE54-9A1E7A4F7556}") = "19_Generic_Inheritance", "19_Generic_Inheritance\19_Generic_Inheritance.csproj", "{CF197648-9F4C-496A-9A5F-2925AFF88105}"
EndProject
Project("{9A19103F-16F7-4668-BE54-9A1E7A4F7556}") = "19_Generic_Kisitlamalar", "19_Generic_Kisitlamalar\19_Generic_Kisitlamalar.csproj", "{E45BE064-D83E-45D2-9080-DFF352479119}"
EndProject
Project("{9A19103F-16F7-4668-BE54-9A1E7A4F7556}") = "19_Generic_Collection", "19_generic_Collection\19_Generic_Collection.csproj", "{F1EBCD9B-8DFF-4F1E-9F3D-E6357FF0FC26}"
EndProject
Project("{9A19103F-16F7-4668-BE54-9A1E7A4F7556}") = "20_Abstraction", "20_Abstraction\20_Abstraction.csproj", "{8739EC03-0F21-4B8C-AAA6-410EF1D269AE}"
EndProject
Project("{9A19103F-16F7-4668-BE54-9A1E7A4F7556}") = "20_Abstraction_2", "20_Abstraction_2\20_Abstraction_2.csproj", "{F727444C-BF1A-4730-9440-9A19E1A3CE83}"
EndProject
Project("{9A19103F-16F7-4668-BE54-9A1E7A4F7556}") = "21_Interface", "21_Interface\21_Interface.csproj", "{A5FCD54C-A7C9-4606-9217-A20969693A1D}"
EndProject
Project("{9A19103F-16F7-4668-BE54-9A1E7A4F7556}") = "21_Interface_2", "21_Interface_2\21_Interface_2.csproj", "{243B8374-F05A-4764-9C4F-3194DE25060D}"
EndProject
Project("{9A19103F-16F7-4668-BE54-9A1E7A4F7556}") = "22_Ado.Net", "22_Ado.Net\22_Ado.Net.csproj", "{B098AEFD-085C-4E83-825E-94E76D9B00FD}"
EndProject
Project("{9A19103F-16F7-4668-BE54-9A1E7A4F7556}") = "22_Ado.Net_ExecuteNonQuery", "22_Ado.Net_ExecuteNonQuery\22_Ado.Net_ExecuteNonQuery.csproj", "{41585770-DAA4-4DAF-A374-9FB331260DA1}"
EndProject
Project("{9A19103F-16F7-4668-BE54-9A1E7A4F7556}") = "22_Ado.Net_ExecuteReader", "22_Ado.Net_ExecuteReader\22_Ado.Net_ExecuteReader.csproj", "{858D3EE7-8162-496B-90EE-2486762F60FF}"
EndProject
Project("{9A19103F-16F7-4668-BE54-9A1E7A4F7556}") = "21_WinForm", "21_WinForm\21_WinForm.csproj", "{157E10E8-F0D0-4AA2-87E4-69679472CFB5}"
EndProject
Project("{9A19103F-16F7-4668-BE54-9A1E7A4F7556}") = "23_EntityFramework", "23_EntityFramework\23_EntityFramework.csproj", "{88E27E1E-9297-41DB-AA0F-2CD22E9914C8}"
EndProject
Project("{9A19103F-16F7-4668-BE54-9A1E7A4F7556}") = "23_EntityFramework_1_DBFirst", "23_EntityFramework_1_DBFirst\23_EntityFramework_1_DBFirst.csproj", "{1C9D1547-93C7-4528-96EB-88F4B6D04544}"
EndProject
Project("{FAE04EC0-301F-11D3-BF4B-00C04F79EFBC}") = "24_Rent_A_Car", "24_Rent_A_Car\24_Rent_A_Car.csproj", "{3442D495-E1EF-46E5-8ECE-3052560A311C}"
EndProject
Global
	GlobalSection(SolutionConfigurationPlatforms) = preSolution
		Debug|Any CPU = Debug|Any CPU
		Release|Any CPU = Release|Any CPU
	EndGlobalSection
	GlobalSection(ProjectConfigurationPlatforms) = postSolution
		{A681F011-ECAB-446B-9D4E-27BC1E5D99FD}.Debug|Any CPU.ActiveCfg = Debug|Any CPU
		{A681F011-ECAB-446B-9D4E-27BC1E5D99FD}.Debug|Any CPU.Build.0 = Debug|Any CPU
		{A681F011-ECAB-446B-9D4E-27BC1E5D99FD}.Release|Any CPU.ActiveCfg = Release|Any CPU
		{A681F011-ECAB-446B-9D4E-27BC1E5D99FD}.Release|Any CPU.Build.0 = Release|Any CPU
		{B6465300-5A78-4044-ADF4-8761C71A940B}.Debug|Any CPU.ActiveCfg = Debug|Any CPU
		{B6465300-5A78-4044-ADF4-8761C71A940B}.Debug|Any CPU.Build.0 = Debug|Any CPU
		{B6465300-5A78-4044-ADF4-8761C71A940B}.Release|Any CPU.ActiveCfg = Release|Any CPU
		{B6465300-5A78-4044-ADF4-8761C71A940B}.Release|Any CPU.Build.0 = Release|Any CPU
		{47826B0D-CF0C-4A3B-9020-6D92FD944E6D}.Debug|Any CPU.ActiveCfg = Debug|Any CPU
		{47826B0D-CF0C-4A3B-9020-6D92FD944E6D}.Debug|Any CPU.Build.0 = Debug|Any CPU
		{47826B0D-CF0C-4A3B-9020-6D92FD944E6D}.Release|Any CPU.ActiveCfg = Release|Any CPU
		{47826B0D-CF0C-4A3B-9020-6D92FD944E6D}.Release|Any CPU.Build.0 = Release|Any CPU
		{D0EAD6F4-27D9-402F-AEB1-B3468A283E98}.Debug|Any CPU.ActiveCfg = Debug|Any CPU
		{D0EAD6F4-27D9-402F-AEB1-B3468A283E98}.Debug|Any CPU.Build.0 = Debug|Any CPU
		{D0EAD6F4-27D9-402F-AEB1-B3468A283E98}.Release|Any CPU.ActiveCfg = Release|Any CPU
		{D0EAD6F4-27D9-402F-AEB1-B3468A283E98}.Release|Any CPU.Build.0 = Release|Any CPU
		{39C197FA-24F0-490F-9A99-BA1D0377035B}.Debug|Any CPU.ActiveCfg = Debug|Any CPU
		{39C197FA-24F0-490F-9A99-BA1D0377035B}.Debug|Any CPU.Build.0 = Debug|Any CPU
		{39C197FA-24F0-490F-9A99-BA1D0377035B}.Release|Any CPU.ActiveCfg = Release|Any CPU
		{39C197FA-24F0-490F-9A99-BA1D0377035B}.Release|Any CPU.Build.0 = Release|Any CPU
		{82491C3C-E4DC-4291-B17E-1C2ABC45C55A}.Debug|Any CPU.ActiveCfg = Debug|Any CPU
		{82491C3C-E4DC-4291-B17E-1C2ABC45C55A}.Debug|Any CPU.Build.0 = Debug|Any CPU
		{82491C3C-E4DC-4291-B17E-1C2ABC45C55A}.Release|Any CPU.ActiveCfg = Release|Any CPU
		{82491C3C-E4DC-4291-B17E-1C2ABC45C55A}.Release|Any CPU.Build.0 = Release|Any CPU
		{977078F5-72D2-4089-9953-74CDD7903299}.Debug|Any CPU.ActiveCfg = Debug|Any CPU
		{977078F5-72D2-4089-9953-74CDD7903299}.Debug|Any CPU.Build.0 = Debug|Any CPU
		{977078F5-72D2-4089-9953-74CDD7903299}.Release|Any CPU.ActiveCfg = Release|Any CPU
		{977078F5-72D2-4089-9953-74CDD7903299}.Release|Any CPU.Build.0 = Release|Any CPU
		{997EC1BC-826B-4D6A-8ECD-D6233E031397}.Debug|Any CPU.ActiveCfg = Debug|Any CPU
		{997EC1BC-826B-4D6A-8ECD-D6233E031397}.Debug|Any CPU.Build.0 = Debug|Any CPU
		{997EC1BC-826B-4D6A-8ECD-D6233E031397}.Release|Any CPU.ActiveCfg = Release|Any CPU
		{997EC1BC-826B-4D6A-8ECD-D6233E031397}.Release|Any CPU.Build.0 = Release|Any CPU
		{F77B2614-84C1-4FB6-A71E-23E7C203A5F9}.Debug|Any CPU.ActiveCfg = Debug|Any CPU
		{F77B2614-84C1-4FB6-A71E-23E7C203A5F9}.Debug|Any CPU.Build.0 = Debug|Any CPU
		{F77B2614-84C1-4FB6-A71E-23E7C203A5F9}.Release|Any CPU.ActiveCfg = Release|Any CPU
		{F77B2614-84C1-4FB6-A71E-23E7C203A5F9}.Release|Any CPU.Build.0 = Release|Any CPU
		{978AAF98-56E5-4CAC-BD27-64873EE33AE4}.Debug|Any CPU.ActiveCfg = Debug|Any CPU
		{978AAF98-56E5-4CAC-BD27-64873EE33AE4}.Debug|Any CPU.Build.0 = Debug|Any CPU
		{978AAF98-56E5-4CAC-BD27-64873EE33AE4}.Release|Any CPU.ActiveCfg = Release|Any CPU
		{978AAF98-56E5-4CAC-BD27-64873EE33AE4}.Release|Any CPU.Build.0 = Release|Any CPU
		{24E56A1D-C4DB-4C48-9D85-1FF1CA26B578}.Debug|Any CPU.ActiveCfg = Debug|Any CPU
		{24E56A1D-C4DB-4C48-9D85-1FF1CA26B578}.Debug|Any CPU.Build.0 = Debug|Any CPU
		{24E56A1D-C4DB-4C48-9D85-1FF1CA26B578}.Release|Any CPU.ActiveCfg = Release|Any CPU
		{24E56A1D-C4DB-4C48-9D85-1FF1CA26B578}.Release|Any CPU.Build.0 = Release|Any CPU
		{5CCAEEE0-6177-4A72-A2B1-DB80B7CB63A3}.Debug|Any CPU.ActiveCfg = Debug|Any CPU
		{5CCAEEE0-6177-4A72-A2B1-DB80B7CB63A3}.Debug|Any CPU.Build.0 = Debug|Any CPU
		{5CCAEEE0-6177-4A72-A2B1-DB80B7CB63A3}.Release|Any CPU.ActiveCfg = Release|Any CPU
		{5CCAEEE0-6177-4A72-A2B1-DB80B7CB63A3}.Release|Any CPU.Build.0 = Release|Any CPU
		{D8EB2E5E-677F-4C93-B380-F59E1ABEBD8F}.Debug|Any CPU.ActiveCfg = Debug|Any CPU
		{D8EB2E5E-677F-4C93-B380-F59E1ABEBD8F}.Debug|Any CPU.Build.0 = Debug|Any CPU
		{D8EB2E5E-677F-4C93-B380-F59E1ABEBD8F}.Release|Any CPU.ActiveCfg = Release|Any CPU
		{D8EB2E5E-677F-4C93-B380-F59E1ABEBD8F}.Release|Any CPU.Build.0 = Release|Any CPU
		{ACC7E032-17C5-443D-8734-24BDA77928E7}.Debug|Any CPU.ActiveCfg = Debug|Any CPU
		{ACC7E032-17C5-443D-8734-24BDA77928E7}.Debug|Any CPU.Build.0 = Debug|Any CPU
		{ACC7E032-17C5-443D-8734-24BDA77928E7}.Release|Any CPU.ActiveCfg = Release|Any CPU
		{ACC7E032-17C5-443D-8734-24BDA77928E7}.Release|Any CPU.Build.0 = Release|Any CPU
		{A26B8A94-EDCA-42D5-B146-6FADBEB4F879}.Debug|Any CPU.ActiveCfg = Debug|Any CPU
		{A26B8A94-EDCA-42D5-B146-6FADBEB4F879}.Debug|Any CPU.Build.0 = Debug|Any CPU
		{A26B8A94-EDCA-42D5-B146-6FADBEB4F879}.Release|Any CPU.ActiveCfg = Release|Any CPU
		{A26B8A94-EDCA-42D5-B146-6FADBEB4F879}.Release|Any CPU.Build.0 = Release|Any CPU
		{37805A72-46AA-431A-9A09-BFBBB313BA54}.Debug|Any CPU.ActiveCfg = Debug|Any CPU
		{37805A72-46AA-431A-9A09-BFBBB313BA54}.Debug|Any CPU.Build.0 = Debug|Any CPU
		{37805A72-46AA-431A-9A09-BFBBB313BA54}.Release|Any CPU.ActiveCfg = Release|Any CPU
		{37805A72-46AA-431A-9A09-BFBBB313BA54}.Release|Any CPU.Build.0 = Release|Any CPU
		{6ABCC272-BC6A-4F0B-ABA7-DEEC2F525A7E}.Debug|Any CPU.ActiveCfg = Debug|Any CPU
		{6ABCC272-BC6A-4F0B-ABA7-DEEC2F525A7E}.Debug|Any CPU.Build.0 = Debug|Any CPU
		{6ABCC272-BC6A-4F0B-ABA7-DEEC2F525A7E}.Release|Any CPU.ActiveCfg = Release|Any CPU
		{6ABCC272-BC6A-4F0B-ABA7-DEEC2F525A7E}.Release|Any CPU.Build.0 = Release|Any CPU
		{7CAE96F9-61F3-49CC-9D4D-E66876BABF63}.Debug|Any CPU.ActiveCfg = Debug|Any CPU
		{7CAE96F9-61F3-49CC-9D4D-E66876BABF63}.Debug|Any CPU.Build.0 = Debug|Any CPU
		{7CAE96F9-61F3-49CC-9D4D-E66876BABF63}.Release|Any CPU.ActiveCfg = Release|Any CPU
		{7CAE96F9-61F3-49CC-9D4D-E66876BABF63}.Release|Any CPU.Build.0 = Release|Any CPU
		{F8DF9976-BDED-4823-AE13-DFF5257F8CC8}.Debug|Any CPU.ActiveCfg = Debug|Any CPU
		{F8DF9976-BDED-4823-AE13-DFF5257F8CC8}.Debug|Any CPU.Build.0 = Debug|Any CPU
		{F8DF9976-BDED-4823-AE13-DFF5257F8CC8}.Release|Any CPU.ActiveCfg = Release|Any CPU
		{F8DF9976-BDED-4823-AE13-DFF5257F8CC8}.Release|Any CPU.Build.0 = Release|Any CPU
		{4E8546C5-33CC-4B68-827F-58FC4A86F710}.Debug|Any CPU.ActiveCfg = Debug|Any CPU
		{4E8546C5-33CC-4B68-827F-58FC4A86F710}.Debug|Any CPU.Build.0 = Debug|Any CPU
		{4E8546C5-33CC-4B68-827F-58FC4A86F710}.Release|Any CPU.ActiveCfg = Release|Any CPU
		{4E8546C5-33CC-4B68-827F-58FC4A86F710}.Release|Any CPU.Build.0 = Release|Any CPU
		{CF495A5D-524C-4623-9DD2-AC85AB292540}.Debug|Any CPU.ActiveCfg = Debug|Any CPU
		{CF495A5D-524C-4623-9DD2-AC85AB292540}.Debug|Any CPU.Build.0 = Debug|Any CPU
		{CF495A5D-524C-4623-9DD2-AC85AB292540}.Release|Any CPU.ActiveCfg = Release|Any CPU
		{CF495A5D-524C-4623-9DD2-AC85AB292540}.Release|Any CPU.Build.0 = Release|Any CPU
		{46D994A3-1045-4F2B-91FF-96D8446D2116}.Debug|Any CPU.ActiveCfg = Debug|Any CPU
		{46D994A3-1045-4F2B-91FF-96D8446D2116}.Debug|Any CPU.Build.0 = Debug|Any CPU
		{46D994A3-1045-4F2B-91FF-96D8446D2116}.Release|Any CPU.ActiveCfg = Release|Any CPU
		{46D994A3-1045-4F2B-91FF-96D8446D2116}.Release|Any CPU.Build.0 = Release|Any CPU
		{EB71F790-4E5F-4957-B0CC-108CC15056D8}.Debug|Any CPU.ActiveCfg = Debug|Any CPU
		{EB71F790-4E5F-4957-B0CC-108CC15056D8}.Debug|Any CPU.Build.0 = Debug|Any CPU
		{EB71F790-4E5F-4957-B0CC-108CC15056D8}.Release|Any CPU.ActiveCfg = Release|Any CPU
		{EB71F790-4E5F-4957-B0CC-108CC15056D8}.Release|Any CPU.Build.0 = Release|Any CPU
		{1AC320E8-CAA4-4690-8B8F-5789D59622B0}.Debug|Any CPU.ActiveCfg = Debug|Any CPU
		{1AC320E8-CAA4-4690-8B8F-5789D59622B0}.Debug|Any CPU.Build.0 = Debug|Any CPU
		{1AC320E8-CAA4-4690-8B8F-5789D59622B0}.Release|Any CPU.ActiveCfg = Release|Any CPU
		{1AC320E8-CAA4-4690-8B8F-5789D59622B0}.Release|Any CPU.Build.0 = Release|Any CPU
		{F66C9F81-7675-413D-B82D-0EE57901D18C}.Debug|Any CPU.ActiveCfg = Debug|Any CPU
		{F66C9F81-7675-413D-B82D-0EE57901D18C}.Debug|Any CPU.Build.0 = Debug|Any CPU
		{F66C9F81-7675-413D-B82D-0EE57901D18C}.Release|Any CPU.ActiveCfg = Release|Any CPU
		{F66C9F81-7675-413D-B82D-0EE57901D18C}.Release|Any CPU.Build.0 = Release|Any CPU
		{8E80A9CD-0FB8-47F1-BFD2-FBE5141EB524}.Debug|Any CPU.ActiveCfg = Debug|Any CPU
		{8E80A9CD-0FB8-47F1-BFD2-FBE5141EB524}.Debug|Any CPU.Build.0 = Debug|Any CPU
		{8E80A9CD-0FB8-47F1-BFD2-FBE5141EB524}.Release|Any CPU.ActiveCfg = Release|Any CPU
		{8E80A9CD-0FB8-47F1-BFD2-FBE5141EB524}.Release|Any CPU.Build.0 = Release|Any CPU
		{5021C15E-2662-4ACA-A167-0F919833DD9B}.Debug|Any CPU.ActiveCfg = Debug|Any CPU
		{5021C15E-2662-4ACA-A167-0F919833DD9B}.Debug|Any CPU.Build.0 = Debug|Any CPU
		{5021C15E-2662-4ACA-A167-0F919833DD9B}.Release|Any CPU.ActiveCfg = Release|Any CPU
		{5021C15E-2662-4ACA-A167-0F919833DD9B}.Release|Any CPU.Build.0 = Release|Any CPU
		{303FABFE-4153-4532-B359-DF7E4367E569}.Debug|Any CPU.ActiveCfg = Debug|Any CPU
		{303FABFE-4153-4532-B359-DF7E4367E569}.Debug|Any CPU.Build.0 = Debug|Any CPU
		{303FABFE-4153-4532-B359-DF7E4367E569}.Release|Any CPU.ActiveCfg = Release|Any CPU
		{303FABFE-4153-4532-B359-DF7E4367E569}.Release|Any CPU.Build.0 = Release|Any CPU
		{0310BD3D-8150-4252-BAE4-FB0884C52A14}.Debug|Any CPU.ActiveCfg = Debug|Any CPU
		{0310BD3D-8150-4252-BAE4-FB0884C52A14}.Debug|Any CPU.Build.0 = Debug|Any CPU
		{0310BD3D-8150-4252-BAE4-FB0884C52A14}.Release|Any CPU.ActiveCfg = Release|Any CPU
		{0310BD3D-8150-4252-BAE4-FB0884C52A14}.Release|Any CPU.Build.0 = Release|Any CPU
		{07FD4C48-0F27-4A55-AE13-22BD55C3A4F9}.Debug|Any CPU.ActiveCfg = Debug|Any CPU
		{07FD4C48-0F27-4A55-AE13-22BD55C3A4F9}.Debug|Any CPU.Build.0 = Debug|Any CPU
		{07FD4C48-0F27-4A55-AE13-22BD55C3A4F9}.Release|Any CPU.ActiveCfg = Release|Any CPU
		{07FD4C48-0F27-4A55-AE13-22BD55C3A4F9}.Release|Any CPU.Build.0 = Release|Any CPU
		{4751B2CD-2995-4A6C-8EE5-9A92D1D769E4}.Debug|Any CPU.ActiveCfg = Debug|Any CPU
		{4751B2CD-2995-4A6C-8EE5-9A92D1D769E4}.Debug|Any CPU.Build.0 = Debug|Any CPU
		{4751B2CD-2995-4A6C-8EE5-9A92D1D769E4}.Release|Any CPU.ActiveCfg = Release|Any CPU
		{4751B2CD-2995-4A6C-8EE5-9A92D1D769E4}.Release|Any CPU.Build.0 = Release|Any CPU
		{69C89E55-B3A5-4EDE-86EB-69F68801FABD}.Debug|Any CPU.ActiveCfg = Debug|Any CPU
		{69C89E55-B3A5-4EDE-86EB-69F68801FABD}.Debug|Any CPU.Build.0 = Debug|Any CPU
		{69C89E55-B3A5-4EDE-86EB-69F68801FABD}.Release|Any CPU.ActiveCfg = Release|Any CPU
		{69C89E55-B3A5-4EDE-86EB-69F68801FABD}.Release|Any CPU.Build.0 = Release|Any CPU
		{FD5E6D27-B00B-466F-AB82-F2DE7B01522F}.Debug|Any CPU.ActiveCfg = Debug|Any CPU
		{FD5E6D27-B00B-466F-AB82-F2DE7B01522F}.Debug|Any CPU.Build.0 = Debug|Any CPU
		{FD5E6D27-B00B-466F-AB82-F2DE7B01522F}.Release|Any CPU.ActiveCfg = Release|Any CPU
		{FD5E6D27-B00B-466F-AB82-F2DE7B01522F}.Release|Any CPU.Build.0 = Release|Any CPU
		{D0E65DDA-6049-4FCA-B977-A909C3F8351B}.Debug|Any CPU.ActiveCfg = Debug|Any CPU
		{D0E65DDA-6049-4FCA-B977-A909C3F8351B}.Debug|Any CPU.Build.0 = Debug|Any CPU
		{D0E65DDA-6049-4FCA-B977-A909C3F8351B}.Release|Any CPU.ActiveCfg = Release|Any CPU
		{D0E65DDA-6049-4FCA-B977-A909C3F8351B}.Release|Any CPU.Build.0 = Release|Any CPU
		{BFEBDC77-E7DE-4816-A0E9-584D4443A706}.Debug|Any CPU.ActiveCfg = Debug|Any CPU
		{BFEBDC77-E7DE-4816-A0E9-584D4443A706}.Debug|Any CPU.Build.0 = Debug|Any CPU
		{BFEBDC77-E7DE-4816-A0E9-584D4443A706}.Release|Any CPU.ActiveCfg = Release|Any CPU
		{BFEBDC77-E7DE-4816-A0E9-584D4443A706}.Release|Any CPU.Build.0 = Release|Any CPU
		{C0FAD138-81CF-4A0E-966A-62CF7D66A4EA}.Debug|Any CPU.ActiveCfg = Debug|Any CPU
		{C0FAD138-81CF-4A0E-966A-62CF7D66A4EA}.Debug|Any CPU.Build.0 = Debug|Any CPU
		{C0FAD138-81CF-4A0E-966A-62CF7D66A4EA}.Release|Any CPU.ActiveCfg = Release|Any CPU
		{C0FAD138-81CF-4A0E-966A-62CF7D66A4EA}.Release|Any CPU.Build.0 = Release|Any CPU
		{D263F918-0936-4776-9C4A-4F1133C34191}.Debug|Any CPU.ActiveCfg = Debug|Any CPU
		{D263F918-0936-4776-9C4A-4F1133C34191}.Debug|Any CPU.Build.0 = Debug|Any CPU
		{D263F918-0936-4776-9C4A-4F1133C34191}.Release|Any CPU.ActiveCfg = Release|Any CPU
		{D263F918-0936-4776-9C4A-4F1133C34191}.Release|Any CPU.Build.0 = Release|Any CPU
		{13D29693-C9EE-473E-9D3D-A24ED83CF7EC}.Debug|Any CPU.ActiveCfg = Debug|Any CPU
		{13D29693-C9EE-473E-9D3D-A24ED83CF7EC}.Debug|Any CPU.Build.0 = Debug|Any CPU
		{13D29693-C9EE-473E-9D3D-A24ED83CF7EC}.Release|Any CPU.ActiveCfg = Release|Any CPU
		{13D29693-C9EE-473E-9D3D-A24ED83CF7EC}.Release|Any CPU.Build.0 = Release|Any CPU
		{753893F8-CA9A-4B9B-8579-EE114E0A29DB}.Debug|Any CPU.ActiveCfg = Debug|Any CPU
		{753893F8-CA9A-4B9B-8579-EE114E0A29DB}.Debug|Any CPU.Build.0 = Debug|Any CPU
		{753893F8-CA9A-4B9B-8579-EE114E0A29DB}.Release|Any CPU.ActiveCfg = Release|Any CPU
		{753893F8-CA9A-4B9B-8579-EE114E0A29DB}.Release|Any CPU.Build.0 = Release|Any CPU
		{DDCC2D31-FC9D-4956-ADA5-3906CD39CAC1}.Debug|Any CPU.ActiveCfg = Debug|Any CPU
		{DDCC2D31-FC9D-4956-ADA5-3906CD39CAC1}.Debug|Any CPU.Build.0 = Debug|Any CPU
		{DDCC2D31-FC9D-4956-ADA5-3906CD39CAC1}.Release|Any CPU.ActiveCfg = Release|Any CPU
		{DDCC2D31-FC9D-4956-ADA5-3906CD39CAC1}.Release|Any CPU.Build.0 = Release|Any CPU
		{BF89BE2E-8AB7-430A-9B0A-FCDD419F7E73}.Debug|Any CPU.ActiveCfg = Debug|Any CPU
		{BF89BE2E-8AB7-430A-9B0A-FCDD419F7E73}.Debug|Any CPU.Build.0 = Debug|Any CPU
		{BF89BE2E-8AB7-430A-9B0A-FCDD419F7E73}.Release|Any CPU.ActiveCfg = Release|Any CPU
		{BF89BE2E-8AB7-430A-9B0A-FCDD419F7E73}.Release|Any CPU.Build.0 = Release|Any CPU
		{E26B55D4-3930-405B-A131-676EF37AC7B3}.Debug|Any CPU.ActiveCfg = Debug|Any CPU
		{E26B55D4-3930-405B-A131-676EF37AC7B3}.Debug|Any CPU.Build.0 = Debug|Any CPU
		{E26B55D4-3930-405B-A131-676EF37AC7B3}.Release|Any CPU.ActiveCfg = Release|Any CPU
		{E26B55D4-3930-405B-A131-676EF37AC7B3}.Release|Any CPU.Build.0 = Release|Any CPU
		{C878F5F4-4821-4725-83A7-CB08847FA4F8}.Debug|Any CPU.ActiveCfg = Debug|Any CPU
		{C878F5F4-4821-4725-83A7-CB08847FA4F8}.Debug|Any CPU.Build.0 = Debug|Any CPU
		{C878F5F4-4821-4725-83A7-CB08847FA4F8}.Release|Any CPU.ActiveCfg = Release|Any CPU
		{C878F5F4-4821-4725-83A7-CB08847FA4F8}.Release|Any CPU.Build.0 = Release|Any CPU
		{35474DBD-0ADF-462D-8D85-A0E0057DBFA6}.Debug|Any CPU.ActiveCfg = Debug|Any CPU
		{35474DBD-0ADF-462D-8D85-A0E0057DBFA6}.Debug|Any CPU.Build.0 = Debug|Any CPU
		{35474DBD-0ADF-462D-8D85-A0E0057DBFA6}.Release|Any CPU.ActiveCfg = Release|Any CPU
		{35474DBD-0ADF-462D-8D85-A0E0057DBFA6}.Release|Any CPU.Build.0 = Release|Any CPU
		{8AD1298D-DFD2-4860-9CC7-5A9F41347C4A}.Debug|Any CPU.ActiveCfg = Debug|Any CPU
		{8AD1298D-DFD2-4860-9CC7-5A9F41347C4A}.Debug|Any CPU.Build.0 = Debug|Any CPU
		{8AD1298D-DFD2-4860-9CC7-5A9F41347C4A}.Release|Any CPU.ActiveCfg = Release|Any CPU
		{8AD1298D-DFD2-4860-9CC7-5A9F41347C4A}.Release|Any CPU.Build.0 = Release|Any CPU
		{B3B4E555-1506-4F8C-8DD2-72D96843D2CD}.Debug|Any CPU.ActiveCfg = Debug|Any CPU
		{B3B4E555-1506-4F8C-8DD2-72D96843D2CD}.Debug|Any CPU.Build.0 = Debug|Any CPU
		{B3B4E555-1506-4F8C-8DD2-72D96843D2CD}.Release|Any CPU.ActiveCfg = Release|Any CPU
		{B3B4E555-1506-4F8C-8DD2-72D96843D2CD}.Release|Any CPU.Build.0 = Release|Any CPU
		{CF197648-9F4C-496A-9A5F-2925AFF88105}.Debug|Any CPU.ActiveCfg = Debug|Any CPU
		{CF197648-9F4C-496A-9A5F-2925AFF88105}.Debug|Any CPU.Build.0 = Debug|Any CPU
		{CF197648-9F4C-496A-9A5F-2925AFF88105}.Release|Any CPU.ActiveCfg = Release|Any CPU
		{CF197648-9F4C-496A-9A5F-2925AFF88105}.Release|Any CPU.Build.0 = Release|Any CPU
		{E45BE064-D83E-45D2-9080-DFF352479119}.Debug|Any CPU.ActiveCfg = Debug|Any CPU
		{E45BE064-D83E-45D2-9080-DFF352479119}.Debug|Any CPU.Build.0 = Debug|Any CPU
		{E45BE064-D83E-45D2-9080-DFF352479119}.Release|Any CPU.ActiveCfg = Release|Any CPU
		{E45BE064-D83E-45D2-9080-DFF352479119}.Release|Any CPU.Build.0 = Release|Any CPU
		{F1EBCD9B-8DFF-4F1E-9F3D-E6357FF0FC26}.Debug|Any CPU.ActiveCfg = Debug|Any CPU
		{F1EBCD9B-8DFF-4F1E-9F3D-E6357FF0FC26}.Debug|Any CPU.Build.0 = Debug|Any CPU
		{F1EBCD9B-8DFF-4F1E-9F3D-E6357FF0FC26}.Release|Any CPU.ActiveCfg = Release|Any CPU
		{F1EBCD9B-8DFF-4F1E-9F3D-E6357FF0FC26}.Release|Any CPU.Build.0 = Release|Any CPU
		{8739EC03-0F21-4B8C-AAA6-410EF1D269AE}.Debug|Any CPU.ActiveCfg = Debug|Any CPU
		{8739EC03-0F21-4B8C-AAA6-410EF1D269AE}.Debug|Any CPU.Build.0 = Debug|Any CPU
		{8739EC03-0F21-4B8C-AAA6-410EF1D269AE}.Release|Any CPU.ActiveCfg = Release|Any CPU
		{8739EC03-0F21-4B8C-AAA6-410EF1D269AE}.Release|Any CPU.Build.0 = Release|Any CPU
		{F727444C-BF1A-4730-9440-9A19E1A3CE83}.Debug|Any CPU.ActiveCfg = Debug|Any CPU
		{F727444C-BF1A-4730-9440-9A19E1A3CE83}.Debug|Any CPU.Build.0 = Debug|Any CPU
		{F727444C-BF1A-4730-9440-9A19E1A3CE83}.Release|Any CPU.ActiveCfg = Release|Any CPU
		{F727444C-BF1A-4730-9440-9A19E1A3CE83}.Release|Any CPU.Build.0 = Release|Any CPU
		{A5FCD54C-A7C9-4606-9217-A20969693A1D}.Debug|Any CPU.ActiveCfg = Debug|Any CPU
		{A5FCD54C-A7C9-4606-9217-A20969693A1D}.Debug|Any CPU.Build.0 = Debug|Any CPU
		{A5FCD54C-A7C9-4606-9217-A20969693A1D}.Release|Any CPU.ActiveCfg = Release|Any CPU
		{A5FCD54C-A7C9-4606-9217-A20969693A1D}.Release|Any CPU.Build.0 = Release|Any CPU
		{243B8374-F05A-4764-9C4F-3194DE25060D}.Debug|Any CPU.ActiveCfg = Debug|Any CPU
		{243B8374-F05A-4764-9C4F-3194DE25060D}.Debug|Any CPU.Build.0 = Debug|Any CPU
		{243B8374-F05A-4764-9C4F-3194DE25060D}.Release|Any CPU.ActiveCfg = Release|Any CPU
		{243B8374-F05A-4764-9C4F-3194DE25060D}.Release|Any CPU.Build.0 = Release|Any CPU
		{B098AEFD-085C-4E83-825E-94E76D9B00FD}.Debug|Any CPU.ActiveCfg = Debug|Any CPU
		{B098AEFD-085C-4E83-825E-94E76D9B00FD}.Debug|Any CPU.Build.0 = Debug|Any CPU
		{B098AEFD-085C-4E83-825E-94E76D9B00FD}.Release|Any CPU.ActiveCfg = Release|Any CPU
		{B098AEFD-085C-4E83-825E-94E76D9B00FD}.Release|Any CPU.Build.0 = Release|Any CPU
		{41585770-DAA4-4DAF-A374-9FB331260DA1}.Debug|Any CPU.ActiveCfg = Debug|Any CPU
		{41585770-DAA4-4DAF-A374-9FB331260DA1}.Debug|Any CPU.Build.0 = Debug|Any CPU
		{41585770-DAA4-4DAF-A374-9FB331260DA1}.Release|Any CPU.ActiveCfg = Release|Any CPU
		{41585770-DAA4-4DAF-A374-9FB331260DA1}.Release|Any CPU.Build.0 = Release|Any CPU
		{858D3EE7-8162-496B-90EE-2486762F60FF}.Debug|Any CPU.ActiveCfg = Debug|Any CPU
		{858D3EE7-8162-496B-90EE-2486762F60FF}.Debug|Any CPU.Build.0 = Debug|Any CPU
		{858D3EE7-8162-496B-90EE-2486762F60FF}.Release|Any CPU.ActiveCfg = Release|Any CPU
		{858D3EE7-8162-496B-90EE-2486762F60FF}.Release|Any CPU.Build.0 = Release|Any CPU
		{157E10E8-F0D0-4AA2-87E4-69679472CFB5}.Debug|Any CPU.ActiveCfg = Debug|Any CPU
		{157E10E8-F0D0-4AA2-87E4-69679472CFB5}.Debug|Any CPU.Build.0 = Debug|Any CPU
		{157E10E8-F0D0-4AA2-87E4-69679472CFB5}.Release|Any CPU.ActiveCfg = Release|Any CPU
		{157E10E8-F0D0-4AA2-87E4-69679472CFB5}.Release|Any CPU.Build.0 = Release|Any CPU
		{88E27E1E-9297-41DB-AA0F-2CD22E9914C8}.Debug|Any CPU.ActiveCfg = Debug|Any CPU
		{88E27E1E-9297-41DB-AA0F-2CD22E9914C8}.Debug|Any CPU.Build.0 = Debug|Any CPU
		{88E27E1E-9297-41DB-AA0F-2CD22E9914C8}.Release|Any CPU.ActiveCfg = Release|Any CPU
		{88E27E1E-9297-41DB-AA0F-2CD22E9914C8}.Release|Any CPU.Build.0 = Release|Any CPU
		{1C9D1547-93C7-4528-96EB-88F4B6D04544}.Debug|Any CPU.ActiveCfg = Debug|Any CPU
		{1C9D1547-93C7-4528-96EB-88F4B6D04544}.Debug|Any CPU.Build.0 = Debug|Any CPU
		{1C9D1547-93C7-4528-96EB-88F4B6D04544}.Release|Any CPU.ActiveCfg = Release|Any CPU
		{1C9D1547-93C7-4528-96EB-88F4B6D04544}.Release|Any CPU.Build.0 = Release|Any CPU
		{3442D495-E1EF-46E5-8ECE-3052560A311C}.Debug|Any CPU.ActiveCfg = Debug|Any CPU
		{3442D495-E1EF-46E5-8ECE-3052560A311C}.Debug|Any CPU.Build.0 = Debug|Any CPU
		{3442D495-E1EF-46E5-8ECE-3052560A311C}.Release|Any CPU.ActiveCfg = Release|Any CPU
		{3442D495-E1EF-46E5-8ECE-3052560A311C}.Release|Any CPU.Build.0 = Release|Any CPU
	EndGlobalSection
	GlobalSection(SolutionProperties) = preSolution
		HideSolutionNode = FALSE
	EndGlobalSection
	GlobalSection(ExtensibilityGlobals) = postSolution
		SolutionGuid = {9C5B81CB-C679-40A3-9E01-56634BCFCFD8}
	EndGlobalSection
EndGlobal
