
Microsoft Visual Studio Solution File, Format Version 12.00
# Visual Studio Version 17
VisualStudioVersion = 17.10.34928.147
MinimumVisualStudioVersion = 10.0.40219.1
Project("{9A19103F-16F7-4668-BE54-9A1E7A4F7556}") = "01_Algoritma", "01_Algoritma\01_Algoritma.csproj", "{A681F011-ECAB-446B-9D4E-27BC1E5D99FD}"
EndProject
Project("{9A19103F-16F7-4668-BE54-9A1E7A4F7556}") = "02_Degisken_VeriTipleri", "02_Degisken_VeriTipleri\02_Degisken_VeriTipleri.csproj", "{B6465300-5A78-4044-ADF4-8761C71A940B}"
EndProject
Project("{9A19103F-16F7-4668-BE54-9A1E7A4F7556}") = "03_Operatorler", "03_Operatorler\03_Operatorler.csproj", "{47826B0D-CF0C-4A3B-9020-6D92FD944E6D}"
EndProject
Project("{9A19103F-16F7-4668-BE54-9A1E7A4F7556}") = "04_TurDonusumleri", "04_TurDonusumleri\04_TurDonusumleri.csproj", "{D0EAD6F4-27D9-402F-AEB1-B3468A283E98}"
EndProject
Project("{9A19103F-16F7-4668-BE54-9A1E7A4F7556}") = "05_If_Else", "05_If_Else\05_If_Else.csproj", "{39C197FA-24F0-490F-9A99-BA1D0377035B}"
EndProject
Project("{9A19103F-16F7-4668-BE54-9A1E7A4F7556}") = "06_Switch_Case", "06_Switch_Case\06_Switch_Case.csproj", "{82491C3C-E4DC-4291-B17E-1C2ABC45C55A}"
EndProject
Project("{9A19103F-16F7-4668-BE54-9A1E7A4F7556}") = "07_WhileLoop", "07_WhileLoop\07_WhileLoop.csproj", "{977078F5-72D2-4089-9953-74CDD7903299}"
EndProject
Project("{9A19103F-16F7-4668-BE54-9A1E7A4F7556}") = "09_Bankamatik", "09_Bankamatik\09_Bankamatik.csproj", "{997EC1BC-826B-4D6A-8ECD-D6233E031397}"
EndProject
Project("{9A19103F-16F7-4668-BE54-9A1E7A4F7556}") = "07_ForLoop", "07_ForLoop\07_ForLoop.csproj", "{F77B2614-84C1-4FB6-A71E-23E7C203A5F9}"
EndProject
Project("{FAE04EC0-301F-11D3-BF4B-00C04F79EFBC}") = "07_Random", "07_Random\07_Random.csproj", "{978AAF98-56E5-4CAC-BD27-64873EE33AE4}"
EndProject
Project("{FAE04EC0-301F-11D3-BF4B-00C04F79EFBC}") = "07_DoWhileLoop", "07_DoWhileLoop\07_DoWhileLoop.csproj", "{24E56A1D-C4DB-4C48-9D85-1FF1CA26B578}"
EndProject
Global
	GlobalSection(SolutionConfigurationPlatforms) = preSolution
		Debug|Any CPU = Debug|Any CPU
		Release|Any CPU = Release|Any CPU
	EndGlobalSection
	GlobalSection(ProjectConfigurationPlatforms) = postSolution
		{A681F011-ECAB-446B-9D4E-27BC1E5D99FD}.Debug|Any CPU.ActiveCfg = Debug|Any CPU
		{A681F011-ECAB-446B-9D4E-27BC1E5D99FD}.Debug|Any CPU.Build.0 = Debug|Any CPU
		{A681F011-ECAB-446B-9D4E-27BC1E5D99FD}.Release|Any CPU.ActiveCfg = Release|Any CPU
		{A681F011-ECAB-446B-9D4E-27BC1E5D99FD}.Release|Any CPU.Build.0 = Release|Any CPU
		{B6465300-5A78-4044-ADF4-8761C71A940B}.Debug|Any CPU.ActiveCfg = Debug|Any CPU
		{B6465300-5A78-4044-ADF4-8761C71A940B}.Debug|Any CPU.Build.0 = Debug|Any CPU
		{B6465300-5A78-4044-ADF4-8761C71A940B}.Release|Any CPU.ActiveCfg = Release|Any CPU
		{B6465300-5A78-4044-ADF4-8761C71A940B}.Release|Any CPU.Build.0 = Release|Any CPU
		{47826B0D-CF0C-4A3B-9020-6D92FD944E6D}.Debug|Any CPU.ActiveCfg = Debug|Any CPU
		{47826B0D-CF0C-4A3B-9020-6D92FD944E6D}.Debug|Any CPU.Build.0 = Debug|Any CPU
		{47826B0D-CF0C-4A3B-9020-6D92FD944E6D}.Release|Any CPU.ActiveCfg = Release|Any CPU
		{47826B0D-CF0C-4A3B-9020-6D92FD944E6D}.Release|Any CPU.Build.0 = Release|Any CPU
		{D0EAD6F4-27D9-402F-AEB1-B3468A283E98}.Debug|Any CPU.ActiveCfg = Debug|Any CPU
		{D0EAD6F4-27D9-402F-AEB1-B3468A283E98}.Debug|Any CPU.Build.0 = Debug|Any CPU
		{D0EAD6F4-27D9-402F-AEB1-B3468A283E98}.Release|Any CPU.ActiveCfg = Release|Any CPU
		{D0EAD6F4-27D9-402F-AEB1-B3468A283E98}.Release|Any CPU.Build.0 = Release|Any CPU
		{39C197FA-24F0-490F-9A99-BA1D0377035B}.Debug|Any CPU.ActiveCfg = Debug|Any CPU
		{39C197FA-24F0-490F-9A99-BA1D0377035B}.Debug|Any CPU.Build.0 = Debug|Any CPU
		{39C197FA-24F0-490F-9A99-BA1D0377035B}.Release|Any CPU.ActiveCfg = Release|Any CPU
		{39C197FA-24F0-490F-9A99-BA1D0377035B}.Release|Any CPU.Build.0 = Release|Any CPU
		{82491C3C-E4DC-4291-B17E-1C2ABC45C55A}.Debug|Any CPU.ActiveCfg = Debug|Any CPU
		{82491C3C-E4DC-4291-B17E-1C2ABC45C55A}.Debug|Any CPU.Build.0 = Debug|Any CPU
		{82491C3C-E4DC-4291-B17E-1C2ABC45C55A}.Release|Any CPU.ActiveCfg = Release|Any CPU
		{82491C3C-E4DC-4291-B17E-1C2ABC45C55A}.Release|Any CPU.Build.0 = Release|Any CPU
		{977078F5-72D2-4089-9953-74CDD7903299}.Debug|Any CPU.ActiveCfg = Debug|Any CPU
		{977078F5-72D2-4089-9953-74CDD7903299}.Debug|Any CPU.Build.0 = Debug|Any CPU
		{977078F5-72D2-4089-9953-74CDD7903299}.Release|Any CPU.ActiveCfg = Release|Any CPU
		{977078F5-72D2-4089-9953-74CDD7903299}.Release|Any CPU.Build.0 = Release|Any CPU
		{997EC1BC-826B-4D6A-8ECD-D6233E031397}.Debug|Any CPU.ActiveCfg = Debug|Any CPU
		{997EC1BC-826B-4D6A-8ECD-D6233E031397}.Debug|Any CPU.Build.0 = Debug|Any CPU
		{997EC1BC-826B-4D6A-8ECD-D6233E031397}.Release|Any CPU.ActiveCfg = Release|Any CPU
		{997EC1BC-826B-4D6A-8ECD-D6233E031397}.Release|Any CPU.Build.0 = Release|Any CPU
		{F77B2614-84C1-4FB6-A71E-23E7C203A5F9}.Debug|Any CPU.ActiveCfg = Debug|Any CPU
		{F77B2614-84C1-4FB6-A71E-23E7C203A5F9}.Debug|Any CPU.Build.0 = Debug|Any CPU
		{F77B2614-84C1-4FB6-A71E-23E7C203A5F9}.Release|Any CPU.ActiveCfg = Release|Any CPU
		{F77B2614-84C1-4FB6-A71E-23E7C203A5F9}.Release|Any CPU.Build.0 = Release|Any CPU
		{978AAF98-56E5-4CAC-BD27-64873EE33AE4}.Debug|Any CPU.ActiveCfg = Debug|Any CPU
		{978AAF98-56E5-4CAC-BD27-64873EE33AE4}.Debug|Any CPU.Build.0 = Debug|Any CPU
		{978AAF98-56E5-4CAC-BD27-64873EE33AE4}.Release|Any CPU.ActiveCfg = Release|Any CPU
		{978AAF98-56E5-4CAC-BD27-64873EE33AE4}.Release|Any CPU.Build.0 = Release|Any CPU
		{24E56A1D-C4DB-4C48-9D85-1FF1CA26B578}.Debug|Any CPU.ActiveCfg = Debug|Any CPU
		{24E56A1D-C4DB-4C48-9D85-1FF1CA26B578}.Debug|Any CPU.Build.0 = Debug|Any CPU
		{24E56A1D-C4DB-4C48-9D85-1FF1CA26B578}.Release|Any CPU.ActiveCfg = Release|Any CPU
		{24E56A1D-C4DB-4C48-9D85-1FF1CA26B578}.Release|Any CPU.Build.0 = Release|Any CPU
	EndGlobalSection
	GlobalSection(SolutionProperties) = preSolution
		HideSolutionNode = FALSE
	EndGlobalSection
	GlobalSection(ExtensibilityGlobals) = postSolution
		SolutionGuid = {9C5B81CB-C679-40A3-9E01-56634BCFCFD8}
	EndGlobalSection
EndGlobal
